
Microsoft Visual Studio Solution File, Format Version 12.00
# Visual Studio 2012
Project("{FAE04EC0-301F-11D3-BF4B-00C04F79EFBC}") = "GuestBook_Demo", "GuestBook_Demo\GuestBook_Demo.csproj", "{88FC5A1F-B232-4B1A-8280-EFA36866D34B}"
EndProject
Project("{FAE04EC0-301F-11D3-BF4B-00C04F79EFBC}") = "GuestBook_Demo.Tests", "GuestBook_Demo.Tests\GuestBook_Demo.Tests.csproj", "{9DBDE1AB-A3EE-40DD-BD18-A6828CC477C9}"
EndProject
Global
	GlobalSection(SolutionConfigurationPlatforms) = preSolution
		Debug|Any CPU = Debug|Any CPU
		Release|Any CPU = Release|Any CPU
	EndGlobalSection
	GlobalSection(ProjectConfigurationPlatforms) = postSolution
		{88FC5A1F-B232-4B1A-8280-EFA36866D34B}.Debug|Any CPU.ActiveCfg = Debug|Any CPU
		{88FC5A1F-B232-4B1A-8280-EFA36866D34B}.Debug|Any CPU.Build.0 = Debug|Any CPU
		{88FC5A1F-B232-4B1A-8280-EFA36866D34B}.Release|Any CPU.ActiveCfg = Release|Any CPU
		{88FC5A1F-B232-4B1A-8280-EFA36866D34B}.Release|Any CPU.Build.0 = Release|Any CPU
		{9DBDE1AB-A3EE-40DD-BD18-A6828CC477C9}.Debug|Any CPU.ActiveCfg = Debug|Any CPU
		{9DBDE1AB-A3EE-40DD-BD18-A6828CC477C9}.Debug|Any CPU.Build.0 = Debug|Any CPU
		{9DBDE1AB-A3EE-40DD-BD18-A6828CC477C9}.Release|Any CPU.ActiveCfg = Release|Any CPU
		{9DBDE1AB-A3EE-40DD-BD18-A6828CC477C9}.Release|Any CPU.Build.0 = Release|Any CPU
	EndGlobalSection
	GlobalSection(SolutionProperties) = preSolution
		HideSolutionNode = FALSE
	EndGlobalSection
EndGlobal
